
Microsoft Visual Studio Solution File, Format Version 12.00
# Visual Studio Version 16
VisualStudioVersion = 16.0.30011.22
MinimumVisualStudioVersion = 10.0.40219.1
Project("{FAE04EC0-301F-11D3-BF4B-00C04F79EFBC}") = "ToDoアプリケーション", "ToDoアプリケーション\ToDoアプリケーション.csproj", "{48A72ECE-9612-427C-B6CE-FA69F512221B}"
EndProject
Project("{FAE04EC0-301F-11D3-BF4B-00C04F79EFBC}") = "TaskList", "TaskList\TaskList.csproj", "{6E833C09-56DE-42CF-A733-EED87A689F82}"
EndProject
Global
	GlobalSection(SolutionConfigurationPlatforms) = preSolution
		Debug|Any CPU = Debug|Any CPU
		Release|Any CPU = Release|Any CPU
	EndGlobalSection
	GlobalSection(ProjectConfigurationPlatforms) = postSolution
		{48A72ECE-9612-427C-B6CE-FA69F512221B}.Debug|Any CPU.ActiveCfg = Debug|Any CPU
		{48A72ECE-9612-427C-B6CE-FA69F512221B}.Debug|Any CPU.Build.0 = Debug|Any CPU
		{48A72ECE-9612-427C-B6CE-FA69F512221B}.Release|Any CPU.ActiveCfg = Release|Any CPU
		{48A72ECE-9612-427C-B6CE-FA69F512221B}.Release|Any CPU.Build.0 = Release|Any CPU
		{6E833C09-56DE-42CF-A733-EED87A689F82}.Debug|Any CPU.ActiveCfg = Debug|Any CPU
		{6E833C09-56DE-42CF-A733-EED87A689F82}.Debug|Any CPU.Build.0 = Debug|Any CPU
		{6E833C09-56DE-42CF-A733-EED87A689F82}.Release|Any CPU.ActiveCfg = Release|Any CPU
		{6E833C09-56DE-42CF-A733-EED87A689F82}.Release|Any CPU.Build.0 = Release|Any CPU
	EndGlobalSection
	GlobalSection(SolutionProperties) = preSolution
		HideSolutionNode = FALSE
	EndGlobalSection
	GlobalSection(ExtensibilityGlobals) = postSolution
		SolutionGuid = {4E5AC73A-4556-4C90-A38F-18B900167397}
	EndGlobalSection
EndGlobal
